
Microsoft Visual Studio Solution File, Format Version 12.00
# Visual Studio Version 17
VisualStudioVersion = 17.0.31903.59
MinimumVisualStudioVersion = 10.0.40219.1
Project("{FAE04EC0-301F-11D3-BF4B-00C04F79EFBC}") = "coach-tour-booking-domain", "coach-tour-booking-domain\coach-tour-booking-domain.csproj", "{7F0CE8DA-B179-4027-B6CE-256F4BAFED6E}"
EndProject
Project("{FAE04EC0-301F-11D3-BF4B-00C04F79EFBC}") = "coach-tour-booking-data-access", "coach-tour-booking-data-access\coach-tour-booking-data-access.csproj", "{40A40E3D-5418-48FE-AC6D-EF45F28764A7}"
EndProject
Project("{FAE04EC0-301F-11D3-BF4B-00C04F79EFBC}") = "coach-tour-booking-tests", "coach-tour-booking-tests\coach-tour-booking-tests.csproj", "{28962C90-E5F6-47AC-9705-4155AC5FABA8}"
EndProject
Global
	GlobalSection(SolutionConfigurationPlatforms) = preSolution
		Debug|Any CPU = Debug|Any CPU
		Release|Any CPU = Release|Any CPU
	EndGlobalSection
	GlobalSection(SolutionProperties) = preSolution
		HideSolutionNode = FALSE
	EndGlobalSection
	GlobalSection(ProjectConfigurationPlatforms) = postSolution
		{7F0CE8DA-B179-4027-B6CE-256F4BAFED6E}.Debug|Any CPU.ActiveCfg = Debug|Any CPU
		{7F0CE8DA-B179-4027-B6CE-256F4BAFED6E}.Debug|Any CPU.Build.0 = Debug|Any CPU
		{7F0CE8DA-B179-4027-B6CE-256F4BAFED6E}.Release|Any CPU.ActiveCfg = Release|Any CPU
		{7F0CE8DA-B179-4027-B6CE-256F4BAFED6E}.Release|Any CPU.Build.0 = Release|Any CPU
		{40A40E3D-5418-48FE-AC6D-EF45F28764A7}.Debug|Any CPU.ActiveCfg = Debug|Any CPU
		{40A40E3D-5418-48FE-AC6D-EF45F28764A7}.Debug|Any CPU.Build.0 = Debug|Any CPU
		{40A40E3D-5418-48FE-AC6D-EF45F28764A7}.Release|Any CPU.ActiveCfg = Release|Any CPU
		{40A40E3D-5418-48FE-AC6D-EF45F28764A7}.Release|Any CPU.Build.0 = Release|Any CPU
		{28962C90-E5F6-47AC-9705-4155AC5FABA8}.Debug|Any CPU.ActiveCfg = Debug|Any CPU
		{28962C90-E5F6-47AC-9705-4155AC5FABA8}.Debug|Any CPU.Build.0 = Debug|Any CPU
		{28962C90-E5F6-47AC-9705-4155AC5FABA8}.Release|Any CPU.ActiveCfg = Release|Any CPU
		{28962C90-E5F6-47AC-9705-4155AC5FABA8}.Release|Any CPU.Build.0 = Release|Any CPU
	EndGlobalSection
EndGlobal
